
Microsoft Visual Studio Solution File, Format Version 12.00
# Visual Studio Version 16
VisualStudioVersion = 16.0.30523.141
MinimumVisualStudioVersion = 10.0.40219.1
Project("{2150E333-8FDC-42A3-9474-1A3956D46DE8}") = "1 - Presentation", "1 - Presentation", "{8E82F95F-D04C-4BC0-A8ED-776DCFB3488F}"
EndProject
Project("{2150E333-8FDC-42A3-9474-1A3956D46DE8}") = "2 - Application", "2 - Application", "{782DBFF0-D4B1-4635-BBC7-380C247A893E}"
EndProject
Project("{2150E333-8FDC-42A3-9474-1A3956D46DE8}") = "3 - Domain", "3 - Domain", "{7821086A-60D5-416C-A17F-1240F273C2BA}"
EndProject
Project("{2150E333-8FDC-42A3-9474-1A3956D46DE8}") = "4 - Infra", "4 - Infra", "{412FC1C4-AA36-41C9-945B-633FE6FB5D54}"
EndProject
Project("{FAE04EC0-301F-11D3-BF4B-00C04F79EFBC}") = "Project.Services.Api", "Project.Services.Api\Project.Services.Api.csproj", "{61D16F46-047D-4F44-8FC1-38B3A07DD567}"
EndProject
Project("{FAE04EC0-301F-11D3-BF4B-00C04F79EFBC}") = "Project.Domain", "Project.Domain\Project.Domain.csproj", "{F0C3043D-B0C2-42BE-8E1B-1698B4BFF5B5}"
EndProject
Project("{FAE04EC0-301F-11D3-BF4B-00C04F79EFBC}") = "Project.Infra", "Project.Infra\Project.Infra.csproj", "{5B1E6E7D-3CB4-465A-AF54-839D501ABAFD}"
EndProject
Global
	GlobalSection(SolutionConfigurationPlatforms) = preSolution
		Debug|Any CPU = Debug|Any CPU
		Release|Any CPU = Release|Any CPU
	EndGlobalSection
	GlobalSection(ProjectConfigurationPlatforms) = postSolution
		{61D16F46-047D-4F44-8FC1-38B3A07DD567}.Debug|Any CPU.ActiveCfg = Debug|Any CPU
		{61D16F46-047D-4F44-8FC1-38B3A07DD567}.Debug|Any CPU.Build.0 = Debug|Any CPU
		{61D16F46-047D-4F44-8FC1-38B3A07DD567}.Release|Any CPU.ActiveCfg = Release|Any CPU
		{61D16F46-047D-4F44-8FC1-38B3A07DD567}.Release|Any CPU.Build.0 = Release|Any CPU
		{F0C3043D-B0C2-42BE-8E1B-1698B4BFF5B5}.Debug|Any CPU.ActiveCfg = Debug|Any CPU
		{F0C3043D-B0C2-42BE-8E1B-1698B4BFF5B5}.Debug|Any CPU.Build.0 = Debug|Any CPU
		{F0C3043D-B0C2-42BE-8E1B-1698B4BFF5B5}.Release|Any CPU.ActiveCfg = Release|Any CPU
		{F0C3043D-B0C2-42BE-8E1B-1698B4BFF5B5}.Release|Any CPU.Build.0 = Release|Any CPU
		{5B1E6E7D-3CB4-465A-AF54-839D501ABAFD}.Debug|Any CPU.ActiveCfg = Debug|Any CPU
		{5B1E6E7D-3CB4-465A-AF54-839D501ABAFD}.Debug|Any CPU.Build.0 = Debug|Any CPU
		{5B1E6E7D-3CB4-465A-AF54-839D501ABAFD}.Release|Any CPU.ActiveCfg = Release|Any CPU
		{5B1E6E7D-3CB4-465A-AF54-839D501ABAFD}.Release|Any CPU.Build.0 = Release|Any CPU
	EndGlobalSection
	GlobalSection(SolutionProperties) = preSolution
		HideSolutionNode = FALSE
	EndGlobalSection
	GlobalSection(NestedProjects) = preSolution
		{61D16F46-047D-4F44-8FC1-38B3A07DD567} = {8E82F95F-D04C-4BC0-A8ED-776DCFB3488F}
		{F0C3043D-B0C2-42BE-8E1B-1698B4BFF5B5} = {7821086A-60D5-416C-A17F-1240F273C2BA}
		{5B1E6E7D-3CB4-465A-AF54-839D501ABAFD} = {412FC1C4-AA36-41C9-945B-633FE6FB5D54}
	EndGlobalSection
	GlobalSection(ExtensibilityGlobals) = postSolution
		SolutionGuid = {DE8A2453-37F3-4183-A902-F5847FB01EC5}
	EndGlobalSection
EndGlobal
